
Microsoft Visual Studio Solution File, Format Version 12.00
# Visual Studio 15
VisualStudioVersion = 15.0.28307.136
MinimumVisualStudioVersion = 10.0.40219.1
Project("{FAE04EC0-301F-11D3-BF4B-00C04F79EFBC}") = "ConsoleApp3", "ConsoleApp3\ConsoleApp3.csproj", "{22F4D71C-74B2-40E8-81BA-2DD15FDB9C8E}"
EndProject
Global
	GlobalSection(SolutionConfigurationPlatforms) = preSolution
		Debug|Any CPU = Debug|Any CPU
		Release|Any CPU = Release|Any CPU
	EndGlobalSection
	GlobalSection(ProjectConfigurationPlatforms) = postSolution
		{22F4D71C-74B2-40E8-81BA-2DD15FDB9C8E}.Debug|Any CPU.ActiveCfg = Debug|Any CPU
		{22F4D71C-74B2-40E8-81BA-2DD15FDB9C8E}.Debug|Any CPU.Build.0 = Debug|Any CPU
		{22F4D71C-74B2-40E8-81BA-2DD15FDB9C8E}.Release|Any CPU.ActiveCfg = Release|Any CPU
		{22F4D71C-74B2-40E8-81BA-2DD15FDB9C8E}.Release|Any CPU.Build.0 = Release|Any CPU
	EndGlobalSection
	GlobalSection(SolutionProperties) = preSolution
		HideSolutionNode = FALSE
	EndGlobalSection
	GlobalSection(ExtensibilityGlobals) = postSolution
		SolutionGuid = {C8D4FEBB-BB24-4629-9EB5-233E46A28385}
	EndGlobalSection
EndGlobal
